
Microsoft Visual Studio Solution File, Format Version 12.00
# Visual Studio Version 16
VisualStudioVersion = 16.0.31624.102
MinimumVisualStudioVersion = 10.0.40219.1
Project("{FAE04EC0-301F-11D3-BF4B-00C04F79EFBC}") = "hotelclient", "hotelclient.csproj", "{B78A799F-BF9A-4D63-8186-92AAF9D4EA3F}"
EndProject
Global
	GlobalSection(SolutionConfigurationPlatforms) = preSolution
		Debug|Any CPU = Debug|Any CPU
		Release|Any CPU = Release|Any CPU
	EndGlobalSection
	GlobalSection(ProjectConfigurationPlatforms) = postSolution
		{B78A799F-BF9A-4D63-8186-92AAF9D4EA3F}.Debug|Any CPU.ActiveCfg = Debug|Any CPU
		{B78A799F-BF9A-4D63-8186-92AAF9D4EA3F}.Debug|Any CPU.Build.0 = Debug|Any CPU
		{B78A799F-BF9A-4D63-8186-92AAF9D4EA3F}.Release|Any CPU.ActiveCfg = Release|Any CPU
		{B78A799F-BF9A-4D63-8186-92AAF9D4EA3F}.Release|Any CPU.Build.0 = Release|Any CPU
	EndGlobalSection
	GlobalSection(SolutionProperties) = preSolution
		HideSolutionNode = FALSE
	EndGlobalSection
	GlobalSection(ExtensibilityGlobals) = postSolution
		SolutionGuid = {C71B820E-3E0A-4D6C-B532-3852B9AFE5C5}
	EndGlobalSection
EndGlobal
